
Microsoft Visual Studio Solution File, Format Version 12.00
# Visual Studio Version 17
VisualStudioVersion = 17.1.32414.318
MinimumVisualStudioVersion = 10.0.40219.1
Project("{2150E333-8FDC-42A3-9474-1A3956D46DE8}") = "SolutionItems", "SolutionItems", "{125BADFC-2490-4D87-A43D-458FF03EC41C}"
	ProjectSection(SolutionItems) = preProject
		.gitattributes = .gitattributes
		.gitignore = .gitignore
		LICENSE = LICENSE
		README.md = README.md
	EndProjectSection
EndProject
Project("{FAE04EC0-301F-11D3-BF4B-00C04F79EFBC}") = "StellarisIronmanToggler", "StellarisIronmanToggler\StellarisIronmanToggler.csproj", "{67C15F31-C6E4-4C59-9AE2-40806B925658}"
EndProject
Global
	GlobalSection(SolutionConfigurationPlatforms) = preSolution
		Debug|Any CPU = Debug|Any CPU
		Release|Any CPU = Release|Any CPU
	EndGlobalSection
	GlobalSection(ProjectConfigurationPlatforms) = postSolution
		{67C15F31-C6E4-4C59-9AE2-40806B925658}.Debug|Any CPU.ActiveCfg = Debug|Any CPU
		{67C15F31-C6E4-4C59-9AE2-40806B925658}.Debug|Any CPU.Build.0 = Debug|Any CPU
		{67C15F31-C6E4-4C59-9AE2-40806B925658}.Release|Any CPU.ActiveCfg = Release|Any CPU
		{67C15F31-C6E4-4C59-9AE2-40806B925658}.Release|Any CPU.Build.0 = Release|Any CPU
	EndGlobalSection
	GlobalSection(SolutionProperties) = preSolution
		HideSolutionNode = FALSE
	EndGlobalSection
	GlobalSection(ExtensibilityGlobals) = postSolution
		SolutionGuid = {04F17E6E-95F3-46EC-9874-431B8DB7C83B}
	EndGlobalSection
EndGlobal
